// !$*UTF8*$!
{
	archiveVersion = 1;
	classes = {
	};
	objectVersion = 56;
	objects = {

/* Begin PBXBuildFile section */
		FD6AB5872A8B3CA500BB08C0 /* InputLineView.swift in Sources */ = {isa = PBXBuildFile; fileRef = FD6AB5862A8B3CA500BB08C0 /* InputLineView.swift */; };
		FDE8AE8B2A88D6E300F0CB61 /* NoconPasswordApp.swift in Sources */ = {isa = PBXBuildFile; fileRef = FDE8AE8A2A88D6E300F0CB61 /* NoconPasswordApp.swift */; };
		FDE8AE8D2A88D6E300F0CB61 /* ContentView.swift in Sources */ = {isa = PBXBuildFile; fileRef = FDE8AE8C2A88D6E300F0CB61 /* ContentView.swift */; };
		FDE8AE8F2A88D6E500F0CB61 /* Assets.xcassets in Resources */ = {isa = PBXBuildFile; fileRef = FDE8AE8E2A88D6E500F0CB61 /* Assets.xcassets */; };
		FDE8AE922A88D6E500F0CB61 /* Preview Assets.xcassets in Resources */ = {isa = PBXBuildFile; fileRef = FDE8AE912A88D6E500F0CB61 /* Preview Assets.xcassets */; };
		FDE8AE9C2A88E91A00F0CB61 /* Setting.swift in Sources */ = {isa = PBXBuildFile; fileRef = FDE8AE9B2A88E91A00F0CB61 /* Setting.swift */; };
		FDE8AEA22A88F1D700F0CB61 /* TextEditorWithPlaceholder.swift in Sources */ = {isa = PBXBuildFile; fileRef = FDE8AEA12A88F1D700F0CB61 /* TextEditorWithPlaceholder.swift */; };
		FDE8AEA42A88F34B00F0CB61 /* NewPasswordView.swift in Sources */ = {isa = PBXBuildFile; fileRef = FDE8AEA32A88F34B00F0CB61 /* NewPasswordView.swift */; };
		FDE8AEA62A8A185000F0CB61 /* Persistent.swift in Sources */ = {isa = PBXBuildFile; fileRef = FDE8AEA52A8A185000F0CB61 /* Persistent.swift */; };
		FDE8AEA92A8A19AC00F0CB61 /* Model.xcdatamodeld in Sources */ = {isa = PBXBuildFile; fileRef = FDE8AEA72A8A19AC00F0CB61 /* Model.xcdatamodeld */; };
		FDE8AEAB2A8A222000F0CB61 /* EditView.swift in Sources */ = {isa = PBXBuildFile; fileRef = FDE8AEAA2A8A222000F0CB61 /* EditView.swift */; };
/* End PBXBuildFile section */

/* Begin PBXFileReference section */
		FD6AB5862A8B3CA500BB08C0 /* InputLineView.swift */ = {isa = PBXFileReference; lastKnownFileType = sourcecode.swift; path = InputLineView.swift; sourceTree = "<group>"; };
		FD6AB5892A8B9B4C00BB08C0 /* NoconPassword.entitlements */ = {isa = PBXFileReference; lastKnownFileType = text.plist.entitlements; path = NoconPassword.entitlements; sourceTree = "<group>"; };
		FDE8AE872A88D6E300F0CB61 /* NoconPassword.app */ = {isa = PBXFileReference; explicitFileType = wrapper.application; includeInIndex = 0; path = NoconPassword.app; sourceTree = BUILT_PRODUCTS_DIR; };
		FDE8AE8A2A88D6E300F0CB61 /* NoconPasswordApp.swift */ = {isa = PBXFileReference; lastKnownFileType = sourcecode.swift; path = NoconPasswordApp.swift; sourceTree = "<group>"; };
		FDE8AE8C2A88D6E300F0CB61 /* ContentView.swift */ = {isa = PBXFileReference; lastKnownFileType = sourcecode.swift; path = ContentView.swift; sourceTree = "<group>"; };
		FDE8AE8E2A88D6E500F0CB61 /* Assets.xcassets */ = {isa = PBXFileReference; lastKnownFileType = folder.assetcatalog; path = Assets.xcassets; sourceTree = "<group>"; };
		FDE8AE912A88D6E500F0CB61 /* Preview Assets.xcassets */ = {isa = PBXFileReference; lastKnownFileType = folder.assetcatalog; path = "Preview Assets.xcassets"; sourceTree = "<group>"; };
		FDE8AE9B2A88E91A00F0CB61 /* Setting.swift */ = {isa = PBXFileReference; lastKnownFileType = sourcecode.swift; path = Setting.swift; sourceTree = "<group>"; };
		FDE8AE9D2A88E9C100F0CB61 /* Info.plist */ = {isa = PBXFileReference; lastKnownFileType = text.plist; path = Info.plist; sourceTree = "<group>"; };
		FDE8AEA12A88F1D700F0CB61 /* TextEditorWithPlaceholder.swift */ = {isa = PBXFileReference; lastKnownFileType = sourcecode.swift; path = TextEditorWithPlaceholder.swift; sourceTree = "<group>"; };
		FDE8AEA32A88F34B00F0CB61 /* NewPasswordView.swift */ = {isa = PBXFileReference; fileEncoding = 4; lastKnownFileType = sourcecode.swift; name = NewPasswordView.swift; path = ../../../../../../../../../.Trash/NewPasswordView.swift; sourceTree = "<group>"; };
		FDE8AEA52A8A185000F0CB61 /* Persistent.swift */ = {isa = PBXFileReference; lastKnownFileType = sourcecode.swift; path = Persistent.swift; sourceTree = "<group>"; };
		FDE8AEA82A8A19AC00F0CB61 /* Model.xcdatamodel */ = {isa = PBXFileReference; lastKnownFileType = wrapper.xcdatamodel; path = Model.xcdatamodel; sourceTree = "<group>"; };
		FDE8AEAA2A8A222000F0CB61 /* EditView.swift */ = {isa = PBXFileReference; lastKnownFileType = sourcecode.swift; path = EditView.swift; sourceTree = "<group>"; };
/* End PBXFileReference section */

/* Begin PBXFrameworksBuildPhase section */
		FDE8AE842A88D6E300F0CB61 /* Frameworks */ = {
			isa = PBXFrameworksBuildPhase;
			buildActionMask = 2147483647;
			files = (
			);
			runOnlyForDeploymentPostprocessing = 0;
		};
/* End PBXFrameworksBuildPhase section */

/* Begin PBXGroup section */
		FD6AB5882A8B58FA00BB08C0 /* Unused */ = {
			isa = PBXGroup;
			children = (
				FD6AB5862A8B3CA500BB08C0 /* InputLineView.swift */,
				FDE8AEAA2A8A222000F0CB61 /* EditView.swift */,
				FDE8AEA12A88F1D700F0CB61 /* TextEditorWithPlaceholder.swift */,
			);
			path = Unused;
			sourceTree = "<group>";
		};
		FDE8AE7E2A88D6E300F0CB61 = {
			isa = PBXGroup;
			children = (
				FDE8AE892A88D6E300F0CB61 /* NoconPassword */,
				FDE8AE882A88D6E300F0CB61 /* Products */,
			);
			sourceTree = "<group>";
		};
		FDE8AE882A88D6E300F0CB61 /* Products */ = {
			isa = PBXGroup;
			children = (
				FDE8AE872A88D6E300F0CB61 /* NoconPassword.app */,
			);
			name = Products;
			sourceTree = "<group>";
		};
		FDE8AE892A88D6E300F0CB61 /* NoconPassword */ = {
			isa = PBXGroup;
			children = (
				FD6AB5892A8B9B4C00BB08C0 /* NoconPassword.entitlements */,
				FDE8AE9D2A88E9C100F0CB61 /* Info.plist */,
				FDE8AE8A2A88D6E300F0CB61 /* NoconPasswordApp.swift */,
				FDE8AE982A88E8F100F0CB61 /* Util */,
				FDE8AE992A88E8F800F0CB61 /* Views */,
				FDE8AE9A2A88E90900F0CB61 /* Data */,
				FD6AB5882A8B58FA00BB08C0 /* Unused */,
				FDE8AE8E2A88D6E500F0CB61 /* Assets.xcassets */,
				FDE8AE902A88D6E500F0CB61 /* Preview Content */,
			);
			path = NoconPassword;
			sourceTree = "<group>";
		};
		FDE8AE902A88D6E500F0CB61 /* Preview Content */ = {
			isa = PBXGroup;
			children = (
				FDE8AE912A88D6E500F0CB61 /* Preview Assets.xcassets */,
			);
			path = "Preview Content";
			sourceTree = "<group>";
		};
		FDE8AE982A88E8F100F0CB61 /* Util */ = {
			isa = PBXGroup;
			children = (
				FDE8AE9B2A88E91A00F0CB61 /* Setting.swift */,
			);
			path = Util;
			sourceTree = "<group>";
		};
		FDE8AE992A88E8F800F0CB61 /* Views */ = {
			isa = PBXGroup;
			children = (
				FDE8AE8C2A88D6E300F0CB61 /* ContentView.swift */,
				FDE8AE9E2A88EBB300F0CB61 /* ChildViews */,
			);
			path = Views;
			sourceTree = "<group>";
		};
		FDE8AE9A2A88E90900F0CB61 /* Data */ = {
			isa = PBXGroup;
			children = (
				FDE8AEA52A8A185000F0CB61 /* Persistent.swift */,
				FDE8AEA72A8A19AC00F0CB61 /* Model.xcdatamodeld */,
			);
			path = Data;
			sourceTree = "<group>";
		};
		FDE8AE9E2A88EBB300F0CB61 /* ChildViews */ = {
			isa = PBXGroup;
			children = (
				FDE8AEA32A88F34B00F0CB61 /* NewPasswordView.swift */,
			);
			path = ChildViews;
			sourceTree = "<group>";
		};
/* End PBXGroup section */

/* Begin PBXNativeTarget section */
		FDE8AE862A88D6E300F0CB61 /* NoconPassword */ = {
			isa = PBXNativeTarget;
			buildConfigurationList = FDE8AE952A88D6E500F0CB61 /* Build configuration list for PBXNativeTarget "NoconPassword" */;
			buildPhases = (
				FDE8AE832A88D6E300F0CB61 /* Sources */,
				FDE8AE842A88D6E300F0CB61 /* Frameworks */,
				FDE8AE852A88D6E300F0CB61 /* Resources */,
			);
			buildRules = (
			);
			dependencies = (
			);
			name = NoconPassword;
			productName = NoconPassword;
			productReference = FDE8AE872A88D6E300F0CB61 /* NoconPassword.app */;
			productType = "com.apple.product-type.application";
		};
/* End PBXNativeTarget section */

/* Begin PBXProject section */
		FDE8AE7F2A88D6E300F0CB61 /* Project object */ = {
			isa = PBXProject;
			attributes = {
				BuildIndependentTargetsInParallel = 1;
				LastSwiftUpdateCheck = 1430;
				LastUpgradeCheck = 1430;
				TargetAttributes = {
					FDE8AE862A88D6E300F0CB61 = {
						CreatedOnToolsVersion = 14.3.1;
					};
				};
			};
			buildConfigurationList = FDE8AE822A88D6E300F0CB61 /* Build configuration list for PBXProject "NoconPassword" */;
			compatibilityVersion = "Xcode 14.0";
			developmentRegion = en;
			hasScannedForEncodings = 0;
			knownRegions = (
				en,
				Base,
			);
			mainGroup = FDE8AE7E2A88D6E300F0CB61;
			productRefGroup = FDE8AE882A88D6E300F0CB61 /* Products */;
			projectDirPath = "";
			projectRoot = "";
			targets = (
				FDE8AE862A88D6E300F0CB61 /* NoconPassword */,
			);
		};
/* End PBXProject section */

/* Begin PBXResourcesBuildPhase section */
		FDE8AE852A88D6E300F0CB61 /* Resources */ = {
			isa = PBXResourcesBuildPhase;
			buildActionMask = 2147483647;
			files = (
				FDE8AE922A88D6E500F0CB61 /* Preview Assets.xcassets in Resources */,
				FDE8AE8F2A88D6E500F0CB61 /* Assets.xcassets in Resources */,
			);
			runOnlyForDeploymentPostprocessing = 0;
		};
/* End PBXResourcesBuildPhase section */

/* Begin PBXSourcesBuildPhase section */
		FDE8AE832A88D6E300F0CB61 /* Sources */ = {
			isa = PBXSourcesBuildPhase;
			buildActionMask = 2147483647;
			files = (
				FDE8AEA62A8A185000F0CB61 /* Persistent.swift in Sources */,
				FDE8AE8D2A88D6E300F0CB61 /* ContentView.swift in Sources */,
				FDE8AEAB2A8A222000F0CB61 /* EditView.swift in Sources */,
				FDE8AEA42A88F34B00F0CB61 /* NewPasswordView.swift in Sources */,
				FD6AB5872A8B3CA500BB08C0 /* InputLineView.swift in Sources */,
				FDE8AEA92A8A19AC00F0CB61 /* Model.xcdatamodeld in Sources */,
				FDE8AE8B2A88D6E300F0CB61 /* NoconPasswordApp.swift in Sources */,
				FDE8AEA22A88F1D700F0CB61 /* TextEditorWithPlaceholder.swift in Sources */,
				FDE8AE9C2A88E91A00F0CB61 /* Setting.swift in Sources */,
			);
			runOnlyForDeploymentPostprocessing = 0;
		};
/* End PBXSourcesBuildPhase section */

/* Begin XCBuildConfiguration section */
		FDE8AE932A88D6E500F0CB61 /* Debug */ = {
			isa = XCBuildConfiguration;
			buildSettings = {
				ALWAYS_SEARCH_USER_PATHS = NO;
				CLANG_ANALYZER_NONNULL = YES;
				CLANG_ANALYZER_NUMBER_OBJECT_CONVERSION = YES_AGGRESSIVE;
				CLANG_CXX_LANGUAGE_STANDARD = "gnu++20";
				CLANG_ENABLE_MODULES = YES;
				CLANG_ENABLE_OBJC_ARC = YES;
				CLANG_ENABLE_OBJC_WEAK = YES;
				CLANG_WARN_BLOCK_CAPTURE_AUTORELEASING = YES;
				CLANG_WARN_BOOL_CONVERSION = YES;
				CLANG_WARN_COMMA = YES;
				CLANG_WARN_CONSTANT_CONVERSION = YES;
				CLANG_WARN_DEPRECATED_OBJC_IMPLEMENTATIONS = YES;
				CLANG_WARN_DIRECT_OBJC_ISA_USAGE = YES_ERROR;
				CLANG_WARN_DOCUMENTATION_COMMENTS = YES;
				CLANG_WARN_EMPTY_BODY = YES;
				CLANG_WARN_ENUM_CONVERSION = YES;
				CLANG_WARN_INFINITE_RECURSION = YES;
				CLANG_WARN_INT_CONVERSION = YES;
				CLANG_WARN_NON_LITERAL_NULL_CONVERSION = YES;
				CLANG_WARN_OBJC_IMPLICIT_RETAIN_SELF = YES;
				CLANG_WARN_OBJC_LITERAL_CONVERSION = YES;
				CLANG_WARN_OBJC_ROOT_CLASS = YES_ERROR;
				CLANG_WARN_QUOTED_INCLUDE_IN_FRAMEWORK_HEADER = YES;
				CLANG_WARN_RANGE_LOOP_ANALYSIS = YES;
				CLANG_WARN_STRICT_PROTOTYPES = YES;
				CLANG_WARN_SUSPICIOUS_MOVE = YES;
				CLANG_WARN_UNGUARDED_AVAILABILITY = YES_AGGRESSIVE;
				CLANG_WARN_UNREACHABLE_CODE = YES;
				CLANG_WARN__DUPLICATE_METHOD_MATCH = YES;
				COPY_PHASE_STRIP = NO;
				DEBUG_INFORMATION_FORMAT = dwarf;
				ENABLE_STRICT_OBJC_MSGSEND = YES;
				ENABLE_TESTABILITY = YES;
				GCC_C_LANGUAGE_STANDARD = gnu11;
				GCC_DYNAMIC_NO_PIC = NO;
				GCC_NO_COMMON_BLOCKS = YES;
				GCC_OPTIMIZATION_LEVEL = 0;
				GCC_PREPROCESSOR_DEFINITIONS = (
					"DEBUG=1",
					"$(inherited)",
				);
				GCC_WARN_64_TO_32_BIT_CONVERSION = YES;
				GCC_WARN_ABOUT_RETURN_TYPE = YES_ERROR;
				GCC_WARN_UNDECLARED_SELECTOR = YES;
				GCC_WARN_UNINITIALIZED_AUTOS = YES_AGGRESSIVE;
				GCC_WARN_UNUSED_FUNCTION = YES;
				GCC_WARN_UNUSED_VARIABLE = YES;
				IPHONEOS_DEPLOYMENT_TARGET = 16.4;
				MTL_ENABLE_DEBUG_INFO = INCLUDE_SOURCE;
				MTL_FAST_MATH = YES;
				ONLY_ACTIVE_ARCH = YES;
				SDKROOT = iphoneos;
				SWIFT_ACTIVE_COMPILATION_CONDITIONS = DEBUG;
				SWIFT_OPTIMIZATION_LEVEL = "-Onone";
			};
			name = Debug;
		};
		FDE8AE942A88D6E500F0CB61 /* Release */ = {
			isa = XCBuildConfiguration;
			buildSettings = {
				ALWAYS_SEARCH_USER_PATHS = NO;
				CLANG_ANALYZER_NONNULL = YES;
				CLANG_ANALYZER_NUMBER_OBJECT_CONVERSION = YES_AGGRESSIVE;
				CLANG_CXX_LANGUAGE_STANDARD = "gnu++20";
				CLANG_ENABLE_MODULES = YES;
				CLANG_ENABLE_OBJC_ARC = YES;
				CLANG_ENABLE_OBJC_WEAK = YES;
				CLANG_WARN_BLOCK_CAPTURE_AUTORELEASING = YES;
				CLANG_WARN_BOOL_CONVERSION = YES;
				CLANG_WARN_COMMA = YES;
				CLANG_WARN_CONSTANT_CONVERSION = YES;
				CLANG_WARN_DEPRECATED_OBJC_IMPLEMENTATIONS = YES;
				CLANG_WARN_DIRECT_OBJC_ISA_USAGE = YES_ERROR;
				CLANG_WARN_DOCUMENTATION_COMMENTS = YES;
				CLANG_WARN_EMPTY_BODY = YES;
				CLANG_WARN_ENUM_CONVERSION = YES;
				CLANG_WARN_INFINITE_RECURSION = YES;
				CLANG_WARN_INT_CONVERSION = YES;
				CLANG_WARN_NON_LITERAL_NULL_CONVERSION = YES;
				CLANG_WARN_OBJC_IMPLICIT_RETAIN_SELF = YES;
				CLANG_WARN_OBJC_LITERAL_CONVERSION = YES;
				CLANG_WARN_OBJC_ROOT_CLASS = YES_ERROR;
				CLANG_WARN_QUOTED_INCLUDE_IN_FRAMEWORK_HEADER = YES;
				CLANG_WARN_RANGE_LOOP_ANALYSIS = YES;
				CLANG_WARN_STRICT_PROTOTYPES = YES;
				CLANG_WARN_SUSPICIOUS_MOVE = YES;
				CLANG_WARN_UNGUARDED_AVAILABILITY = YES_AGGRESSIVE;
				CLANG_WARN_UNREACHABLE_CODE = YES;
				CLANG_WARN__DUPLICATE_METHOD_MATCH = YES;
				COPY_PHASE_STRIP = NO;
				DEBUG_INFORMATION_FORMAT = "dwarf-with-dsym";
				ENABLE_NS_ASSERTIONS = NO;
				ENABLE_STRICT_OBJC_MSGSEND = YES;
				GCC_C_LANGUAGE_STANDARD = gnu11;
				GCC_NO_COMMON_BLOCKS = YES;
				GCC_WARN_64_TO_32_BIT_CONVERSION = YES;
				GCC_WARN_ABOUT_RETURN_TYPE = YES_ERROR;
				GCC_WARN_UNDECLARED_SELECTOR = YES;
				GCC_WARN_UNINITIALIZED_AUTOS = YES_AGGRESSIVE;
				GCC_WARN_UNUSED_FUNCTION = YES;
				GCC_WARN_UNUSED_VARIABLE = YES;
				IPHONEOS_DEPLOYMENT_TARGET = 16.4;
				MTL_ENABLE_DEBUG_INFO = NO;
				MTL_FAST_MATH = YES;
				SDKROOT = iphoneos;
				SWIFT_COMPILATION_MODE = wholemodule;
				SWIFT_OPTIMIZATION_LEVEL = "-O";
				VALIDATE_PRODUCT = YES;
			};
			name = Release;
		};
		FDE8AE962A88D6E500F0CB61 /* Debug */ = {
			isa = XCBuildConfiguration;
			buildSettings = {
				ASSETCATALOG_COMPILER_APPICON_NAME = AppIcon;
				ASSETCATALOG_COMPILER_GLOBAL_ACCENT_COLOR_NAME = AccentColor;
				CODE_SIGN_ENTITLEMENTS = NoconPassword/NoconPassword.entitlements;
				CODE_SIGN_STYLE = Automatic;
				CURRENT_PROJECT_VERSION = 1;
				DEVELOPMENT_ASSET_PATHS = "\"NoconPassword/Preview Content\"";
				DEVELOPMENT_TEAM = T9U9A227FB;
				ENABLE_PREVIEWS = YES;
				GENERATE_INFOPLIST_FILE = YES;
				INFOPLIST_FILE = NoconPassword/Info.plist;
				INFOPLIST_KEY_CFBundleDisplayName = "パスワードメモ";
				INFOPLIST_KEY_UIApplicationSceneManifest_Generation = YES;
				INFOPLIST_KEY_UIApplicationSupportsIndirectInputEvents = YES;
				INFOPLIST_KEY_UILaunchScreen_Generation = YES;
				INFOPLIST_KEY_UISupportedInterfaceOrientations = UIInterfaceOrientationPortrait;
				INFOPLIST_KEY_UISupportedInterfaceOrientations_iPad = "UIInterfaceOrientationLandscapeLeft UIInterfaceOrientationLandscapeRight UIInterfaceOrientationPortrait UIInterfaceOrientationPortraitUpsideDown";
				IPHONEOS_DEPLOYMENT_TARGET = 16.0;
				LD_RUNPATH_SEARCH_PATHS = (
					"$(inherited)",
					"@executable_path/Frameworks",
				);
				MARKETING_VERSION = 1.0;
				PRODUCT_BUNDLE_IDENTIFIER = com.hiroki.NoconPassword;
				PRODUCT_NAME = "$(TARGET_NAME)";
				SUPPORTED_PLATFORMS = "iphoneos iphonesimulator";
				SUPPORTS_MACCATALYST = NO;
				SUPPORTS_MAC_DESIGNED_FOR_IPHONE_IPAD = NO;
				SWIFT_EMIT_LOC_STRINGS = YES;
				SWIFT_VERSION = 5.0;
				TARGETED_DEVICE_FAMILY = 1;
			};
			name = Debug;
		};
		FDE8AE972A88D6E500F0CB61 /* Release */ = {
			isa = XCBuildConfiguration;
			buildSettings = {
				ASSETCATALOG_COMPILER_APPICON_NAME = AppIcon;
				ASSETCATALOG_COMPILER_GLOBAL_ACCENT_COLOR_NAME = AccentColor;
				CODE_SIGN_ENTITLEMENTS = NoconPassword/NoconPassword.entitlements;
				CODE_SIGN_STYLE = Automatic;
				CURRENT_PROJECT_VERSION = 1;
				DEVELOPMENT_ASSET_PATHS = "\"NoconPassword/Preview Content\"";
				DEVELOPMENT_TEAM = T9U9A227FB;
				ENABLE_PREVIEWS = YES;
				GENERATE_INFOPLIST_FILE = YES;
				INFOPLIST_FILE = NoconPassword/Info.plist;
				INFOPLIST_KEY_CFBundleDisplayName = "パスワードメモ";
				INFOPLIST_KEY_UIApplicationSceneManifest_Generation = YES;
				INFOPLIST_KEY_UIApplicationSupportsIndirectInputEvents = YES;
				INFOPLIST_KEY_UILaunchScreen_Generation = YES;
				INFOPLIST_KEY_UISupportedInterfaceOrientations = UIInterfaceOrientationPortrait;
				INFOPLIST_KEY_UISupportedInterfaceOrientations_iPad = "UIInterfaceOrientationLandscapeLeft UIInterfaceOrientationLandscapeRight UIInterfaceOrientationPortrait UIInterfaceOrientationPortraitUpsideDown";
				IPHONEOS_DEPLOYMENT_TARGET = 16.0;
				LD_RUNPATH_SEARCH_PATHS = (
					"$(inherited)",
					"@executable_path/Frameworks",
				);
				MARKETING_VERSION = 1.0;
				PRODUCT_BUNDLE_IDENTIFIER = com.hiroki.NoconPassword;
				PRODUCT_NAME = "$(TARGET_NAME)";
				SUPPORTED_PLATFORMS = "iphoneos iphonesimulator";
				SUPPORTS_MACCATALYST = NO;
				SUPPORTS_MAC_DESIGNED_FOR_IPHONE_IPAD = NO;
				SWIFT_EMIT_LOC_STRINGS = YES;
				SWIFT_VERSION = 5.0;
				TARGETED_DEVICE_FAMILY = 1;
			};
			name = Release;
		};
/* End XCBuildConfiguration section */

/* Begin XCConfigurationList section */
		FDE8AE822A88D6E300F0CB61 /* Build configuration list for PBXProject "NoconPassword" */ = {
			isa = XCConfigurationList;
			buildConfigurations = (
				FDE8AE932A88D6E500F0CB61 /* Debug */,
				FDE8AE942A88D6E500F0CB61 /* Release */,
			);
			defaultConfigurationIsVisible = 0;
			defaultConfigurationName = Release;
		};
		FDE8AE952A88D6E500F0CB61 /* Build configuration list for PBXNativeTarget "NoconPassword" */ = {
			isa = XCConfigurationList;
			buildConfigurations = (
				FDE8AE962A88D6E500F0CB61 /* Debug */,
				FDE8AE972A88D6E500F0CB61 /* Release */,
			);
			defaultConfigurationIsVisible = 0;
			defaultConfigurationName = Release;
		};
/* End XCConfigurationList section */

/* Begin XCVersionGroup section */
		FDE8AEA72A8A19AC00F0CB61 /* Model.xcdatamodeld */ = {
			isa = XCVersionGroup;
			children = (
				FDE8AEA82A8A19AC00F0CB61 /* Model.xcdatamodel */,
			);
			currentVersion = FDE8AEA82A8A19AC00F0CB61 /* Model.xcdatamodel */;
			path = Model.xcdatamodeld;
			sourceTree = "<group>";
			versionGroupType = wrapper.xcdatamodel;
		};
/* End XCVersionGroup section */
	};
	rootObject = FDE8AE7F2A88D6E300F0CB61 /* Project object */;
}
